
Microsoft Visual Studio Solution File, Format Version 12.00
# Visual Studio 14
VisualStudioVersion = 14.0.25420.1
MinimumVisualStudioVersion = 10.0.40219.1
Project("{FAE04EC0-301F-11D3-BF4B-00C04F79EFBC}") = "UserAccountWebApiService", "UserAccountWebApiService\UserAccountWebApiService.csproj", "{B62C553C-4C67-4785-B697-E5536662BAE2}"
EndProject
Project("{FAE04EC0-301F-11D3-BF4B-00C04F79EFBC}") = "UserAccountRepository", "UserAccountRepository\UserAccountRepository.csproj", "{3DBEDA73-ABF6-4155-B120-06D1D68817E9}"
EndProject
Project("{FAE04EC0-301F-11D3-BF4B-00C04F79EFBC}") = "UserAccountAngularJs", "UserAccountAngularJs\UserAccountAngularJs.csproj", "{340E0A6D-3D5C-4E82-9982-0B3354FC3A77}"
EndProject
Global
	GlobalSection(SolutionConfigurationPlatforms) = preSolution
		Debug|Any CPU = Debug|Any CPU
		Release|Any CPU = Release|Any CPU
	EndGlobalSection
	GlobalSection(ProjectConfigurationPlatforms) = postSolution
		{B62C553C-4C67-4785-B697-E5536662BAE2}.Debug|Any CPU.ActiveCfg = Debug|Any CPU
		{B62C553C-4C67-4785-B697-E5536662BAE2}.Debug|Any CPU.Build.0 = Debug|Any CPU
		{B62C553C-4C67-4785-B697-E5536662BAE2}.Release|Any CPU.ActiveCfg = Release|Any CPU
		{B62C553C-4C67-4785-B697-E5536662BAE2}.Release|Any CPU.Build.0 = Release|Any CPU
		{3DBEDA73-ABF6-4155-B120-06D1D68817E9}.Debug|Any CPU.ActiveCfg = Debug|Any CPU
		{3DBEDA73-ABF6-4155-B120-06D1D68817E9}.Debug|Any CPU.Build.0 = Debug|Any CPU
		{3DBEDA73-ABF6-4155-B120-06D1D68817E9}.Release|Any CPU.ActiveCfg = Release|Any CPU
		{3DBEDA73-ABF6-4155-B120-06D1D68817E9}.Release|Any CPU.Build.0 = Release|Any CPU
		{340E0A6D-3D5C-4E82-9982-0B3354FC3A77}.Debug|Any CPU.ActiveCfg = Debug|Any CPU
		{340E0A6D-3D5C-4E82-9982-0B3354FC3A77}.Debug|Any CPU.Build.0 = Debug|Any CPU
		{340E0A6D-3D5C-4E82-9982-0B3354FC3A77}.Release|Any CPU.ActiveCfg = Release|Any CPU
		{340E0A6D-3D5C-4E82-9982-0B3354FC3A77}.Release|Any CPU.Build.0 = Release|Any CPU
	EndGlobalSection
	GlobalSection(SolutionProperties) = preSolution
		HideSolutionNode = FALSE
	EndGlobalSection
EndGlobal
